// !$*UTF8*$!
{
	archiveVersion = 1;
	classes = {
	};
	objectVersion = 55;
	objects = {

/* Begin PBXBuildFile section */
		1005C3D028AF1CB000A8AA7B /* AppDelegate.swift in Sources */ = {isa = PBXBuildFile; fileRef = 1005C3CF28AF1CB000A8AA7B /* AppDelegate.swift */; };
		1005C3D228AF1CB000A8AA7B /* SceneDelegate.swift in Sources */ = {isa = PBXBuildFile; fileRef = 1005C3D128AF1CB000A8AA7B /* SceneDelegate.swift */; };
		1005C3D728AF1CB000A8AA7B /* Main.storyboard in Resources */ = {isa = PBXBuildFile; fileRef = 1005C3D528AF1CB000A8AA7B /* Main.storyboard */; };
		1005C3D928AF1CB200A8AA7B /* Assets.xcassets in Resources */ = {isa = PBXBuildFile; fileRef = 1005C3D828AF1CB200A8AA7B /* Assets.xcassets */; };
		1005C3DC28AF1CB200A8AA7B /* LaunchScreen.storyboard in Resources */ = {isa = PBXBuildFile; fileRef = 1005C3DA28AF1CB200A8AA7B /* LaunchScreen.storyboard */; };
		1005C3E828AF216900A8AA7B /* HomeViewController.swift in Sources */ = {isa = PBXBuildFile; fileRef = 1005C3E728AF216900A8AA7B /* HomeViewController.swift */; };
		1005C3EA28AF21FD00A8AA7B /* MainTabBarViewController.swift in Sources */ = {isa = PBXBuildFile; fileRef = 1005C3E928AF21FD00A8AA7B /* MainTabBarViewController.swift */; };
/* End PBXBuildFile section */

/* Begin PBXFileReference section */
		1005C3CC28AF1CB000A8AA7B /* MyPetD.app */ = {isa = PBXFileReference; explicitFileType = wrapper.application; includeInIndex = 0; path = MyPetD.app; sourceTree = BUILT_PRODUCTS_DIR; };
		1005C3CF28AF1CB000A8AA7B /* AppDelegate.swift */ = {isa = PBXFileReference; lastKnownFileType = sourcecode.swift; path = AppDelegate.swift; sourceTree = "<group>"; };
		1005C3D128AF1CB000A8AA7B /* SceneDelegate.swift */ = {isa = PBXFileReference; lastKnownFileType = sourcecode.swift; path = SceneDelegate.swift; sourceTree = "<group>"; };
		1005C3D628AF1CB000A8AA7B /* Base */ = {isa = PBXFileReference; lastKnownFileType = file.storyboard; name = Base; path = Base.lproj/Main.storyboard; sourceTree = "<group>"; };
		1005C3D828AF1CB200A8AA7B /* Assets.xcassets */ = {isa = PBXFileReference; lastKnownFileType = folder.assetcatalog; path = Assets.xcassets; sourceTree = "<group>"; };
		1005C3DB28AF1CB200A8AA7B /* Base */ = {isa = PBXFileReference; lastKnownFileType = file.storyboard; name = Base; path = Base.lproj/LaunchScreen.storyboard; sourceTree = "<group>"; };
		1005C3DD28AF1CB200A8AA7B /* Info.plist */ = {isa = PBXFileReference; lastKnownFileType = text.plist.xml; path = Info.plist; sourceTree = "<group>"; };
		1005C3E728AF216900A8AA7B /* HomeViewController.swift */ = {isa = PBXFileReference; lastKnownFileType = sourcecode.swift; path = HomeViewController.swift; sourceTree = "<group>"; };
		1005C3E928AF21FD00A8AA7B /* MainTabBarViewController.swift */ = {isa = PBXFileReference; lastKnownFileType = sourcecode.swift; path = MainTabBarViewController.swift; sourceTree = "<group>"; };
/* End PBXFileReference section */

/* Begin PBXFrameworksBuildPhase section */
		1005C3C928AF1CB000A8AA7B /* Frameworks */ = {
			isa = PBXFrameworksBuildPhase;
			buildActionMask = 2147483647;
			files = (
			);
			runOnlyForDeploymentPostprocessing = 0;
		};
/* End PBXFrameworksBuildPhase section */

/* Begin PBXGroup section */
		1005C3C328AF1CB000A8AA7B = {
			isa = PBXGroup;
			children = (
				1005C3CE28AF1CB000A8AA7B /* MyPetD */,
				1005C3CD28AF1CB000A8AA7B /* Products */,
			);
			sourceTree = "<group>";
		};
		1005C3CD28AF1CB000A8AA7B /* Products */ = {
			isa = PBXGroup;
			children = (
				1005C3CC28AF1CB000A8AA7B /* MyPetD.app */,
			);
			name = Products;
			sourceTree = "<group>";
		};
		1005C3CE28AF1CB000A8AA7B /* MyPetD */ = {
			isa = PBXGroup;
			children = (
				1005C3EB28AF220E00A8AA7B /* TabBar */,
				1005C3E328AF1F5A00A8AA7B /* Model */,
				1005C3CF28AF1CB000A8AA7B /* AppDelegate.swift */,
				1005C3D128AF1CB000A8AA7B /* SceneDelegate.swift */,
				1005C3D828AF1CB200A8AA7B /* Assets.xcassets */,
				1005C3DA28AF1CB200A8AA7B /* LaunchScreen.storyboard */,
				1005C3DD28AF1CB200A8AA7B /* Info.plist */,
			);
			path = MyPetD;
			sourceTree = "<group>";
		};
		1005C3E328AF1F5A00A8AA7B /* Model */ = {
			isa = PBXGroup;
			children = (
			);
			path = Model;
			sourceTree = "<group>";
		};
		1005C3E428AF1F6800A8AA7B /* Home */ = {
			isa = PBXGroup;
			children = (
				1005C3E728AF216900A8AA7B /* HomeViewController.swift */,
			);
			path = Home;
			sourceTree = "<group>";
		};
		1005C3E528AF1F6F00A8AA7B /* Box */ = {
			isa = PBXGroup;
			children = (
			);
			path = Box;
			sourceTree = "<group>";
		};
		1005C3E628AF209C00A8AA7B /* Todo */ = {
			isa = PBXGroup;
			children = (
			);
			path = Todo;
			sourceTree = "<group>";
		};
		1005C3EB28AF220E00A8AA7B /* TabBar */ = {
			isa = PBXGroup;
			children = (
				1005C3D528AF1CB000A8AA7B /* Main.storyboard */,
				1005C3E928AF21FD00A8AA7B /* MainTabBarViewController.swift */,
				1005C3E428AF1F6800A8AA7B /* Home */,
				1005C3E528AF1F6F00A8AA7B /* Box */,
				1005C3E628AF209C00A8AA7B /* Todo */,
			);
			path = TabBar;
			sourceTree = "<group>";
		};
/* End PBXGroup section */

/* Begin PBXNativeTarget section */
		1005C3CB28AF1CB000A8AA7B /* MyPetD */ = {
			isa = PBXNativeTarget;
			buildConfigurationList = 1005C3E028AF1CB200A8AA7B /* Build configuration list for PBXNativeTarget "MyPetD" */;
			buildPhases = (
				1005C3C828AF1CB000A8AA7B /* Sources */,
				1005C3C928AF1CB000A8AA7B /* Frameworks */,
				1005C3CA28AF1CB000A8AA7B /* Resources */,
			);
			buildRules = (
			);
			dependencies = (
			);
			name = MyPetD;
			productName = MyPetD;
			productReference = 1005C3CC28AF1CB000A8AA7B /* MyPetD.app */;
			productType = "com.apple.product-type.application";
		};
/* End PBXNativeTarget section */

/* Begin PBXProject section */
		1005C3C428AF1CB000A8AA7B /* Project object */ = {
			isa = PBXProject;
			attributes = {
				BuildIndependentTargetsInParallel = 1;
				LastSwiftUpdateCheck = 1310;
				LastUpgradeCheck = 1310;
				TargetAttributes = {
					1005C3CB28AF1CB000A8AA7B = {
						CreatedOnToolsVersion = 13.1;
					};
				};
			};
			buildConfigurationList = 1005C3C728AF1CB000A8AA7B /* Build configuration list for PBXProject "MyPetD" */;
			compatibilityVersion = "Xcode 13.0";
			developmentRegion = en;
			hasScannedForEncodings = 0;
			knownRegions = (
				en,
				Base,
			);
			mainGroup = 1005C3C328AF1CB000A8AA7B;
			productRefGroup = 1005C3CD28AF1CB000A8AA7B /* Products */;
			projectDirPath = "";
			projectRoot = "";
			targets = (
				1005C3CB28AF1CB000A8AA7B /* MyPetD */,
			);
		};
/* End PBXProject section */

/* Begin PBXResourcesBuildPhase section */
		1005C3CA28AF1CB000A8AA7B /* Resources */ = {
			isa = PBXResourcesBuildPhase;
			buildActionMask = 2147483647;
			files = (
				1005C3DC28AF1CB200A8AA7B /* LaunchScreen.storyboard in Resources */,
				1005C3D928AF1CB200A8AA7B /* Assets.xcassets in Resources */,
				1005C3D728AF1CB000A8AA7B /* Main.storyboard in Resources */,
			);
			runOnlyForDeploymentPostprocessing = 0;
		};
/* End PBXResourcesBuildPhase section */

/* Begin PBXSourcesBuildPhase section */
		1005C3C828AF1CB000A8AA7B /* Sources */ = {
			isa = PBXSourcesBuildPhase;
			buildActionMask = 2147483647;
			files = (
				1005C3D028AF1CB000A8AA7B /* AppDelegate.swift in Sources */,
				1005C3EA28AF21FD00A8AA7B /* MainTabBarViewController.swift in Sources */,
				1005C3D228AF1CB000A8AA7B /* SceneDelegate.swift in Sources */,
				1005C3E828AF216900A8AA7B /* HomeViewController.swift in Sources */,
			);
			runOnlyForDeploymentPostprocessing = 0;
		};
/* End PBXSourcesBuildPhase section */

/* Begin PBXVariantGroup section */
		1005C3D528AF1CB000A8AA7B /* Main.storyboard */ = {
			isa = PBXVariantGroup;
			children = (
				1005C3D628AF1CB000A8AA7B /* Base */,
			);
			name = Main.storyboard;
			sourceTree = "<group>";
		};
		1005C3DA28AF1CB200A8AA7B /* LaunchScreen.storyboard */ = {
			isa = PBXVariantGroup;
			children = (
				1005C3DB28AF1CB200A8AA7B /* Base */,
			);
			name = LaunchScreen.storyboard;
			sourceTree = "<group>";
		};
/* End PBXVariantGroup section */

/* Begin XCBuildConfiguration section */
		1005C3DE28AF1CB200A8AA7B /* Debug */ = {
			isa = XCBuildConfiguration;
			buildSettings = {
				ALWAYS_SEARCH_USER_PATHS = NO;
				CLANG_ANALYZER_NONNULL = YES;
				CLANG_ANALYZER_NUMBER_OBJECT_CONVERSION = YES_AGGRESSIVE;
				CLANG_CXX_LANGUAGE_STANDARD = "gnu++17";
				CLANG_CXX_LIBRARY = "libc++";
				CLANG_ENABLE_MODULES = YES;
				CLANG_ENABLE_OBJC_ARC = YES;
				CLANG_ENABLE_OBJC_WEAK = YES;
				CLANG_WARN_BLOCK_CAPTURE_AUTORELEASING = YES;
				CLANG_WARN_BOOL_CONVERSION = YES;
				CLANG_WARN_COMMA = YES;
				CLANG_WARN_CONSTANT_CONVERSION = YES;
				CLANG_WARN_DEPRECATED_OBJC_IMPLEMENTATIONS = YES;
				CLANG_WARN_DIRECT_OBJC_ISA_USAGE = YES_ERROR;
				CLANG_WARN_DOCUMENTATION_COMMENTS = YES;
				CLANG_WARN_EMPTY_BODY = YES;
				CLANG_WARN_ENUM_CONVERSION = YES;
				CLANG_WARN_INFINITE_RECURSION = YES;
				CLANG_WARN_INT_CONVERSION = YES;
				CLANG_WARN_NON_LITERAL_NULL_CONVERSION = YES;
				CLANG_WARN_OBJC_IMPLICIT_RETAIN_SELF = YES;
				CLANG_WARN_OBJC_LITERAL_CONVERSION = YES;
				CLANG_WARN_OBJC_ROOT_CLASS = YES_ERROR;
				CLANG_WARN_QUOTED_INCLUDE_IN_FRAMEWORK_HEADER = YES;
				CLANG_WARN_RANGE_LOOP_ANALYSIS = YES;
				CLANG_WARN_STRICT_PROTOTYPES = YES;
				CLANG_WARN_SUSPICIOUS_MOVE = YES;
				CLANG_WARN_UNGUARDED_AVAILABILITY = YES_AGGRESSIVE;
				CLANG_WARN_UNREACHABLE_CODE = YES;
				CLANG_WARN__DUPLICATE_METHOD_MATCH = YES;
				COPY_PHASE_STRIP = NO;
				DEBUG_INFORMATION_FORMAT = dwarf;
				ENABLE_STRICT_OBJC_MSGSEND = YES;
				ENABLE_TESTABILITY = YES;
				GCC_C_LANGUAGE_STANDARD = gnu11;
				GCC_DYNAMIC_NO_PIC = NO;
				GCC_NO_COMMON_BLOCKS = YES;
				GCC_OPTIMIZATION_LEVEL = 0;
				GCC_PREPROCESSOR_DEFINITIONS = (
					"DEBUG=1",
					"$(inherited)",
				);
				GCC_WARN_64_TO_32_BIT_CONVERSION = YES;
				GCC_WARN_ABOUT_RETURN_TYPE = YES_ERROR;
				GCC_WARN_UNDECLARED_SELECTOR = YES;
				GCC_WARN_UNINITIALIZED_AUTOS = YES_AGGRESSIVE;
				GCC_WARN_UNUSED_FUNCTION = YES;
				GCC_WARN_UNUSED_VARIABLE = YES;
				IPHONEOS_DEPLOYMENT_TARGET = 13.0;
				MTL_ENABLE_DEBUG_INFO = INCLUDE_SOURCE;
				MTL_FAST_MATH = YES;
				ONLY_ACTIVE_ARCH = YES;
				SDKROOT = iphoneos;
				SWIFT_ACTIVE_COMPILATION_CONDITIONS = DEBUG;
				SWIFT_OPTIMIZATION_LEVEL = "-Onone";
			};
			name = Debug;
		};
		1005C3DF28AF1CB200A8AA7B /* Release */ = {
			isa = XCBuildConfiguration;
			buildSettings = {
				ALWAYS_SEARCH_USER_PATHS = NO;
				CLANG_ANALYZER_NONNULL = YES;
				CLANG_ANALYZER_NUMBER_OBJECT_CONVERSION = YES_AGGRESSIVE;
				CLANG_CXX_LANGUAGE_STANDARD = "gnu++17";
				CLANG_CXX_LIBRARY = "libc++";
				CLANG_ENABLE_MODULES = YES;
				CLANG_ENABLE_OBJC_ARC = YES;
				CLANG_ENABLE_OBJC_WEAK = YES;
				CLANG_WARN_BLOCK_CAPTURE_AUTORELEASING = YES;
				CLANG_WARN_BOOL_CONVERSION = YES;
				CLANG_WARN_COMMA = YES;
				CLANG_WARN_CONSTANT_CONVERSION = YES;
				CLANG_WARN_DEPRECATED_OBJC_IMPLEMENTATIONS = YES;
				CLANG_WARN_DIRECT_OBJC_ISA_USAGE = YES_ERROR;
				CLANG_WARN_DOCUMENTATION_COMMENTS = YES;
				CLANG_WARN_EMPTY_BODY = YES;
				CLANG_WARN_ENUM_CONVERSION = YES;
				CLANG_WARN_INFINITE_RECURSION = YES;
				CLANG_WARN_INT_CONVERSION = YES;
				CLANG_WARN_NON_LITERAL_NULL_CONVERSION = YES;
				CLANG_WARN_OBJC_IMPLICIT_RETAIN_SELF = YES;
				CLANG_WARN_OBJC_LITERAL_CONVERSION = YES;
				CLANG_WARN_OBJC_ROOT_CLASS = YES_ERROR;
				CLANG_WARN_QUOTED_INCLUDE_IN_FRAMEWORK_HEADER = YES;
				CLANG_WARN_RANGE_LOOP_ANALYSIS = YES;
				CLANG_WARN_STRICT_PROTOTYPES = YES;
				CLANG_WARN_SUSPICIOUS_MOVE = YES;
				CLANG_WARN_UNGUARDED_AVAILABILITY = YES_AGGRESSIVE;
				CLANG_WARN_UNREACHABLE_CODE = YES;
				CLANG_WARN__DUPLICATE_METHOD_MATCH = YES;
				COPY_PHASE_STRIP = NO;
				DEBUG_INFORMATION_FORMAT = "dwarf-with-dsym";
				ENABLE_NS_ASSERTIONS = NO;
				ENABLE_STRICT_OBJC_MSGSEND = YES;
				GCC_C_LANGUAGE_STANDARD = gnu11;
				GCC_NO_COMMON_BLOCKS = YES;
				GCC_WARN_64_TO_32_BIT_CONVERSION = YES;
				GCC_WARN_ABOUT_RETURN_TYPE = YES_ERROR;
				GCC_WARN_UNDECLARED_SELECTOR = YES;
				GCC_WARN_UNINITIALIZED_AUTOS = YES_AGGRESSIVE;
				GCC_WARN_UNUSED_FUNCTION = YES;
				GCC_WARN_UNUSED_VARIABLE = YES;
				IPHONEOS_DEPLOYMENT_TARGET = 13.0;
				MTL_ENABLE_DEBUG_INFO = NO;
				MTL_FAST_MATH = YES;
				SDKROOT = iphoneos;
				SWIFT_COMPILATION_MODE = wholemodule;
				SWIFT_OPTIMIZATION_LEVEL = "-O";
				VALIDATE_PRODUCT = YES;
			};
			name = Release;
		};
		1005C3E128AF1CB200A8AA7B /* Debug */ = {
			isa = XCBuildConfiguration;
			buildSettings = {
				ASSETCATALOG_COMPILER_APPICON_NAME = AppIcon;
				ASSETCATALOG_COMPILER_GLOBAL_ACCENT_COLOR_NAME = AccentColor;
				CODE_SIGN_STYLE = Automatic;
				CURRENT_PROJECT_VERSION = 1;
				GENERATE_INFOPLIST_FILE = YES;
				INFOPLIST_FILE = MyPetD/Info.plist;
				INFOPLIST_KEY_UIApplicationSupportsIndirectInputEvents = YES;
				INFOPLIST_KEY_UILaunchStoryboardName = LaunchScreen;
				INFOPLIST_KEY_UIMainStoryboardFile = Main;
				INFOPLIST_KEY_UISupportedInterfaceOrientations_iPad = "UIInterfaceOrientationPortrait UIInterfaceOrientationPortraitUpsideDown UIInterfaceOrientationLandscapeLeft UIInterfaceOrientationLandscapeRight";
				INFOPLIST_KEY_UISupportedInterfaceOrientations_iPhone = "UIInterfaceOrientationPortrait UIInterfaceOrientationLandscapeLeft UIInterfaceOrientationLandscapeRight";
				IPHONEOS_DEPLOYMENT_TARGET = 13.0;
				LD_RUNPATH_SEARCH_PATHS = (
					"$(inherited)",
					"@executable_path/Frameworks",
				);
				MARKETING_VERSION = 1.0;
				PRODUCT_BUNDLE_IDENTIFIER = com.hyeji.MyPetD;
				PRODUCT_NAME = "$(TARGET_NAME)";
				SWIFT_EMIT_LOC_STRINGS = YES;
				SWIFT_VERSION = 5.0;
				TARGETED_DEVICE_FAMILY = 1;
			};
			name = Debug;
		};
		1005C3E228AF1CB200A8AA7B /* Release */ = {
			isa = XCBuildConfiguration;
			buildSettings = {
				ASSETCATALOG_COMPILER_APPICON_NAME = AppIcon;
				ASSETCATALOG_COMPILER_GLOBAL_ACCENT_COLOR_NAME = AccentColor;
				CODE_SIGN_STYLE = Automatic;
				CURRENT_PROJECT_VERSION = 1;
				GENERATE_INFOPLIST_FILE = YES;
				INFOPLIST_FILE = MyPetD/Info.plist;
				INFOPLIST_KEY_UIApplicationSupportsIndirectInputEvents = YES;
				INFOPLIST_KEY_UILaunchStoryboardName = LaunchScreen;
				INFOPLIST_KEY_UIMainStoryboardFile = Main;
				INFOPLIST_KEY_UISupportedInterfaceOrientations_iPad = "UIInterfaceOrientationPortrait UIInterfaceOrientationPortraitUpsideDown UIInterfaceOrientationLandscapeLeft UIInterfaceOrientationLandscapeRight";
				INFOPLIST_KEY_UISupportedInterfaceOrientations_iPhone = "UIInterfaceOrientationPortrait UIInterfaceOrientationLandscapeLeft UIInterfaceOrientationLandscapeRight";
				IPHONEOS_DEPLOYMENT_TARGET = 13.0;
				LD_RUNPATH_SEARCH_PATHS = (
					"$(inherited)",
					"@executable_path/Frameworks",
				);
				MARKETING_VERSION = 1.0;
				PRODUCT_BUNDLE_IDENTIFIER = com.hyeji.MyPetD;
				PRODUCT_NAME = "$(TARGET_NAME)";
				SWIFT_EMIT_LOC_STRINGS = YES;
				SWIFT_VERSION = 5.0;
				TARGETED_DEVICE_FAMILY = 1;
			};
			name = Release;
		};
/* End XCBuildConfiguration section */

/* Begin XCConfigurationList section */
		1005C3C728AF1CB000A8AA7B /* Build configuration list for PBXProject "MyPetD" */ = {
			isa = XCConfigurationList;
			buildConfigurations = (
				1005C3DE28AF1CB200A8AA7B /* Debug */,
				1005C3DF28AF1CB200A8AA7B /* Release */,
			);
			defaultConfigurationIsVisible = 0;
			defaultConfigurationName = Release;
		};
		1005C3E028AF1CB200A8AA7B /* Build configuration list for PBXNativeTarget "MyPetD" */ = {
			isa = XCConfigurationList;
			buildConfigurations = (
				1005C3E128AF1CB200A8AA7B /* Debug */,
				1005C3E228AF1CB200A8AA7B /* Release */,
			);
			defaultConfigurationIsVisible = 0;
			defaultConfigurationName = Release;
		};
/* End XCConfigurationList section */
	};
	rootObject = 1005C3C428AF1CB000A8AA7B /* Project object */;
}
